// !$*UTF8*$!
{
	archiveVersion = 1;
	classes = {
	};
	objectVersion = 48;
	objects = {

/* Begin PBXBuildFile section */
		3980EB561F87052E000ACA0A /* AppDelegate.swift in Sources */ = {isa = PBXBuildFile; fileRef = 3980EB551F87052E000ACA0A /* AppDelegate.swift */; };
		3980EB5D1F87052E000ACA0A /* Assets.xcassets in Resources */ = {isa = PBXBuildFile; fileRef = 3980EB5C1F87052E000ACA0A /* Assets.xcassets */; };
		3980EB601F87052E000ACA0A /* LaunchScreen.storyboard in Resources */ = {isa = PBXBuildFile; fileRef = 3980EB5E1F87052E000ACA0A /* LaunchScreen.storyboard */; };
		3980EB6A1F870681000ACA0A /* VideoList.storyboard in Resources */ = {isa = PBXBuildFile; fileRef = 3980EB691F870681000ACA0A /* VideoList.storyboard */; };
		3980EB6C1F8706A1000ACA0A /* VideoListVC.swift in Sources */ = {isa = PBXBuildFile; fileRef = 3980EB6B1F8706A1000ACA0A /* VideoListVC.swift */; };
		3980EB6F1F8707B9000ACA0A /* PlayerVC.swift in Sources */ = {isa = PBXBuildFile; fileRef = 3980EB6E1F8707B9000ACA0A /* PlayerVC.swift */; };
		3980EB711F8707C5000ACA0A /* Player.storyboard in Resources */ = {isa = PBXBuildFile; fileRef = 3980EB701F8707C5000ACA0A /* Player.storyboard */; };
		3980EB741F8708D7000ACA0A /* Main.storyboard in Resources */ = {isa = PBXBuildFile; fileRef = 3980EB731F8708D7000ACA0A /* Main.storyboard */; };
		39B9D9D61FB2D12900B69449 /* Alamofire.framework in Frameworks */ = {isa = PBXBuildFile; fileRef = 39B9D9D41FB2D12900B69449 /* Alamofire.framework */; };
		39B9D9D71FB2D12900B69449 /* Kingfisher.framework in Frameworks */ = {isa = PBXBuildFile; fileRef = 39B9D9D51FB2D12900B69449 /* Kingfisher.framework */; };
/* End PBXBuildFile section */

/* Begin PBXFileReference section */
		3980EB521F87052E000ACA0A /* YoutubeClient.app */ = {isa = PBXFileReference; explicitFileType = wrapper.application; includeInIndex = 0; path = YoutubeClient.app; sourceTree = BUILT_PRODUCTS_DIR; };
		3980EB551F87052E000ACA0A /* AppDelegate.swift */ = {isa = PBXFileReference; lastKnownFileType = sourcecode.swift; path = AppDelegate.swift; sourceTree = "<group>"; };
		3980EB5C1F87052E000ACA0A /* Assets.xcassets */ = {isa = PBXFileReference; lastKnownFileType = folder.assetcatalog; path = Assets.xcassets; sourceTree = "<group>"; };
		3980EB5F1F87052E000ACA0A /* Base */ = {isa = PBXFileReference; lastKnownFileType = file.storyboard; name = Base; path = Base.lproj/LaunchScreen.storyboard; sourceTree = "<group>"; };
		3980EB611F87052E000ACA0A /* Info.plist */ = {isa = PBXFileReference; lastKnownFileType = text.plist.xml; path = Info.plist; sourceTree = "<group>"; };
		3980EB691F870681000ACA0A /* VideoList.storyboard */ = {isa = PBXFileReference; lastKnownFileType = file.storyboard; path = VideoList.storyboard; sourceTree = "<group>"; };
		3980EB6B1F8706A1000ACA0A /* VideoListVC.swift */ = {isa = PBXFileReference; lastKnownFileType = sourcecode.swift; path = VideoListVC.swift; sourceTree = "<group>"; };
		3980EB6E1F8707B9000ACA0A /* PlayerVC.swift */ = {isa = PBXFileReference; lastKnownFileType = sourcecode.swift; path = PlayerVC.swift; sourceTree = "<group>"; };
		3980EB701F8707C5000ACA0A /* Player.storyboard */ = {isa = PBXFileReference; lastKnownFileType = file.storyboard; path = Player.storyboard; sourceTree = "<group>"; };
		3980EB731F8708D7000ACA0A /* Main.storyboard */ = {isa = PBXFileReference; lastKnownFileType = file.storyboard; path = Main.storyboard; sourceTree = "<group>"; };
		39B9D9D41FB2D12900B69449 /* Alamofire.framework */ = {isa = PBXFileReference; lastKnownFileType = wrapper.framework; name = Alamofire.framework; path = Carthage/Build/iOS/Alamofire.framework; sourceTree = "<group>"; };
		39B9D9D51FB2D12900B69449 /* Kingfisher.framework */ = {isa = PBXFileReference; lastKnownFileType = wrapper.framework; name = Kingfisher.framework; path = Carthage/Build/iOS/Kingfisher.framework; sourceTree = "<group>"; };
/* End PBXFileReference section */

/* Begin PBXFrameworksBuildPhase section */
		3980EB4F1F87052E000ACA0A /* Frameworks */ = {
			isa = PBXFrameworksBuildPhase;
			buildActionMask = 2147483647;
			files = (
				39B9D9D61FB2D12900B69449 /* Alamofire.framework in Frameworks */,
				39B9D9D71FB2D12900B69449 /* Kingfisher.framework in Frameworks */,
			);
			runOnlyForDeploymentPostprocessing = 0;
		};
/* End PBXFrameworksBuildPhase section */

/* Begin PBXGroup section */
		3980EB491F87052E000ACA0A = {
			isa = PBXGroup;
			children = (
				3980EB541F87052E000ACA0A /* YoutubeClient */,
				3980EB531F87052E000ACA0A /* Products */,
				39B9D9D31FB2D12900B69449 /* Frameworks */,
			);
			sourceTree = "<group>";
		};
		3980EB531F87052E000ACA0A /* Products */ = {
			isa = PBXGroup;
			children = (
				3980EB521F87052E000ACA0A /* YoutubeClient.app */,
			);
			name = Products;
			sourceTree = "<group>";
		};
		3980EB541F87052E000ACA0A /* YoutubeClient */ = {
			isa = PBXGroup;
			children = (
				3980EB671F870622000ACA0A /* UI */,
				3980EB551F87052E000ACA0A /* AppDelegate.swift */,
				3980EB5C1F87052E000ACA0A /* Assets.xcassets */,
				3980EB5E1F87052E000ACA0A /* LaunchScreen.storyboard */,
				3980EB611F87052E000ACA0A /* Info.plist */,
			);
			path = YoutubeClient;
			sourceTree = "<group>";
		};
		3980EB671F870622000ACA0A /* UI */ = {
			isa = PBXGroup;
			children = (
				3980EB721F8708C8000ACA0A /* Main */,
				3980EB6D1F8707A7000ACA0A /* Player */,
				3980EB681F87065E000ACA0A /* VideoList */,
			);
			path = UI;
			sourceTree = "<group>";
		};
		3980EB681F87065E000ACA0A /* VideoList */ = {
			isa = PBXGroup;
			children = (
				3980EB691F870681000ACA0A /* VideoList.storyboard */,
				3980EB6B1F8706A1000ACA0A /* VideoListVC.swift */,
			);
			path = VideoList;
			sourceTree = "<group>";
		};
		3980EB6D1F8707A7000ACA0A /* Player */ = {
			isa = PBXGroup;
			children = (
				3980EB701F8707C5000ACA0A /* Player.storyboard */,
				3980EB6E1F8707B9000ACA0A /* PlayerVC.swift */,
			);
			path = Player;
			sourceTree = "<group>";
		};
		3980EB721F8708C8000ACA0A /* Main */ = {
			isa = PBXGroup;
			children = (
				3980EB731F8708D7000ACA0A /* Main.storyboard */,
			);
			path = Main;
			sourceTree = "<group>";
		};
		39B9D9D31FB2D12900B69449 /* Frameworks */ = {
			isa = PBXGroup;
			children = (
				39B9D9D41FB2D12900B69449 /* Alamofire.framework */,
				39B9D9D51FB2D12900B69449 /* Kingfisher.framework */,
			);
			name = Frameworks;
			sourceTree = "<group>";
		};
/* End PBXGroup section */

/* Begin PBXNativeTarget section */
		3980EB511F87052E000ACA0A /* YoutubeClient */ = {
			isa = PBXNativeTarget;
			buildConfigurationList = 3980EB641F87052E000ACA0A /* Build configuration list for PBXNativeTarget "YoutubeClient" */;
			buildPhases = (
				3980EB4E1F87052E000ACA0A /* Sources */,
				3980EB4F1F87052E000ACA0A /* Frameworks */,
				3980EB501F87052E000ACA0A /* Resources */,
				39B9D9D81FB2D13900B69449 /* ShellScript */,
			);
			buildRules = (
			);
			dependencies = (
			);
			name = YoutubeClient;
			productName = YoutubeClient;
			productReference = 3980EB521F87052E000ACA0A /* YoutubeClient.app */;
			productType = "com.apple.product-type.application";
		};
/* End PBXNativeTarget section */

/* Begin PBXProject section */
		3980EB4A1F87052E000ACA0A /* Project object */ = {
			isa = PBXProject;
			attributes = {
				LastSwiftUpdateCheck = 0900;
				LastUpgradeCheck = 0900;
				ORGANIZATIONNAME = "Tanabe Yuki";
				TargetAttributes = {
					3980EB511F87052E000ACA0A = {
						CreatedOnToolsVersion = 9.0;
						ProvisioningStyle = Automatic;
					};
				};
			};
			buildConfigurationList = 3980EB4D1F87052E000ACA0A /* Build configuration list for PBXProject "YoutubeClient" */;
			compatibilityVersion = "Xcode 8.0";
			developmentRegion = en;
			hasScannedForEncodings = 0;
			knownRegions = (
				en,
				Base,
			);
			mainGroup = 3980EB491F87052E000ACA0A;
			productRefGroup = 3980EB531F87052E000ACA0A /* Products */;
			projectDirPath = "";
			projectRoot = "";
			targets = (
				3980EB511F87052E000ACA0A /* YoutubeClient */,
			);
		};
/* End PBXProject section */

/* Begin PBXResourcesBuildPhase section */
		3980EB501F87052E000ACA0A /* Resources */ = {
			isa = PBXResourcesBuildPhase;
			buildActionMask = 2147483647;
			files = (
				3980EB601F87052E000ACA0A /* LaunchScreen.storyboard in Resources */,
				3980EB741F8708D7000ACA0A /* Main.storyboard in Resources */,
				3980EB5D1F87052E000ACA0A /* Assets.xcassets in Resources */,
				3980EB711F8707C5000ACA0A /* Player.storyboard in Resources */,
				3980EB6A1F870681000ACA0A /* VideoList.storyboard in Resources */,
			);
			runOnlyForDeploymentPostprocessing = 0;
		};
/* End PBXResourcesBuildPhase section */

/* Begin PBXShellScriptBuildPhase section */
		39B9D9D81FB2D13900B69449 /* ShellScript */ = {
			isa = PBXShellScriptBuildPhase;
			buildActionMask = 2147483647;
			files = (
			);
			inputPaths = (
				"$(SRCROOT)/Carthage/Build/iOS/Alamofire.framework",
				"$(SRCROOT)/Carthage/Build/iOS/Kingfisher.framework",
			);
			outputPaths = (
			);
			runOnlyForDeploymentPostprocessing = 0;
			shellPath = /bin/sh;
			shellScript = "/usr/local/bin/carthage copy-frameworks\n";
		};
/* End PBXShellScriptBuildPhase section */

/* Begin PBXSourcesBuildPhase section */
		3980EB4E1F87052E000ACA0A /* Sources */ = {
			isa = PBXSourcesBuildPhase;
			buildActionMask = 2147483647;
			files = (
				3980EB6C1F8706A1000ACA0A /* VideoListVC.swift in Sources */,
				3980EB561F87052E000ACA0A /* AppDelegate.swift in Sources */,
				3980EB6F1F8707B9000ACA0A /* PlayerVC.swift in Sources */,
			);
			runOnlyForDeploymentPostprocessing = 0;
		};
/* End PBXSourcesBuildPhase section */

/* Begin PBXVariantGroup section */
		3980EB5E1F87052E000ACA0A /* LaunchScreen.storyboard */ = {
			isa = PBXVariantGroup;
			children = (
				3980EB5F1F87052E000ACA0A /* Base */,
			);
			name = LaunchScreen.storyboard;
			sourceTree = "<group>";
		};
/* End PBXVariantGroup section */

/* Begin XCBuildConfiguration section */
		3980EB621F87052E000ACA0A /* Debug */ = {
			isa = XCBuildConfiguration;
			buildSettings = {
				ALWAYS_SEARCH_USER_PATHS = NO;
				CLANG_ANALYZER_NONNULL = YES;
				CLANG_ANALYZER_NUMBER_OBJECT_CONVERSION = YES_AGGRESSIVE;
				CLANG_CXX_LANGUAGE_STANDARD = "gnu++14";
				CLANG_CXX_LIBRARY = "libc++";
				CLANG_ENABLE_MODULES = YES;
				CLANG_ENABLE_OBJC_ARC = YES;
				CLANG_WARN_BLOCK_CAPTURE_AUTORELEASING = YES;
				CLANG_WARN_BOOL_CONVERSION = YES;
				CLANG_WARN_COMMA = YES;
				CLANG_WARN_CONSTANT_CONVERSION = YES;
				CLANG_WARN_DIRECT_OBJC_ISA_USAGE = YES_ERROR;
				CLANG_WARN_DOCUMENTATION_COMMENTS = YES;
				CLANG_WARN_EMPTY_BODY = YES;
				CLANG_WARN_ENUM_CONVERSION = YES;
				CLANG_WARN_INFINITE_RECURSION = YES;
				CLANG_WARN_INT_CONVERSION = YES;
				CLANG_WARN_NON_LITERAL_NULL_CONVERSION = YES;
				CLANG_WARN_OBJC_LITERAL_CONVERSION = YES;
				CLANG_WARN_OBJC_ROOT_CLASS = YES_ERROR;
				CLANG_WARN_RANGE_LOOP_ANALYSIS = YES;
				CLANG_WARN_STRICT_PROTOTYPES = YES;
				CLANG_WARN_SUSPICIOUS_MOVE = YES;
				CLANG_WARN_UNGUARDED_AVAILABILITY = YES_AGGRESSIVE;
				CLANG_WARN_UNREACHABLE_CODE = YES;
				CLANG_WARN__DUPLICATE_METHOD_MATCH = YES;
				CODE_SIGN_IDENTITY = "iPhone Developer";
				COPY_PHASE_STRIP = NO;
				DEBUG_INFORMATION_FORMAT = dwarf;
				ENABLE_STRICT_OBJC_MSGSEND = YES;
				ENABLE_TESTABILITY = YES;
				GCC_C_LANGUAGE_STANDARD = gnu11;
				GCC_DYNAMIC_NO_PIC = NO;
				GCC_NO_COMMON_BLOCKS = YES;
				GCC_OPTIMIZATION_LEVEL = 0;
				GCC_PREPROCESSOR_DEFINITIONS = (
					"DEBUG=1",
					"$(inherited)",
				);
				GCC_WARN_64_TO_32_BIT_CONVERSION = YES;
				GCC_WARN_ABOUT_RETURN_TYPE = YES_ERROR;
				GCC_WARN_UNDECLARED_SELECTOR = YES;
				GCC_WARN_UNINITIALIZED_AUTOS = YES_AGGRESSIVE;
				GCC_WARN_UNUSED_FUNCTION = YES;
				GCC_WARN_UNUSED_VARIABLE = YES;
				IPHONEOS_DEPLOYMENT_TARGET = 11.0;
				MTL_ENABLE_DEBUG_INFO = YES;
				ONLY_ACTIVE_ARCH = YES;
				SDKROOT = iphoneos;
				SWIFT_ACTIVE_COMPILATION_CONDITIONS = DEBUG;
				SWIFT_OPTIMIZATION_LEVEL = "-Onone";
			};
			name = Debug;
		};
		3980EB631F87052E000ACA0A /* Release */ = {
			isa = XCBuildConfiguration;
			buildSettings = {
				ALWAYS_SEARCH_USER_PATHS = NO;
				CLANG_ANALYZER_NONNULL = YES;
				CLANG_ANALYZER_NUMBER_OBJECT_CONVERSION = YES_AGGRESSIVE;
				CLANG_CXX_LANGUAGE_STANDARD = "gnu++14";
				CLANG_CXX_LIBRARY = "libc++";
				CLANG_ENABLE_MODULES = YES;
				CLANG_ENABLE_OBJC_ARC = YES;
				CLANG_WARN_BLOCK_CAPTURE_AUTORELEASING = YES;
				CLANG_WARN_BOOL_CONVERSION = YES;
				CLANG_WARN_COMMA = YES;
				CLANG_WARN_CONSTANT_CONVERSION = YES;
				CLANG_WARN_DIRECT_OBJC_ISA_USAGE = YES_ERROR;
				CLANG_WARN_DOCUMENTATION_COMMENTS = YES;
				CLANG_WARN_EMPTY_BODY = YES;
				CLANG_WARN_ENUM_CONVERSION = YES;
				CLANG_WARN_INFINITE_RECURSION = YES;
				CLANG_WARN_INT_CONVERSION = YES;
				CLANG_WARN_NON_LITERAL_NULL_CONVERSION = YES;
				CLANG_WARN_OBJC_LITERAL_CONVERSION = YES;
				CLANG_WARN_OBJC_ROOT_CLASS = YES_ERROR;
				CLANG_WARN_RANGE_LOOP_ANALYSIS = YES;
				CLANG_WARN_STRICT_PROTOTYPES = YES;
				CLANG_WARN_SUSPICIOUS_MOVE = YES;
				CLANG_WARN_UNGUARDED_AVAILABILITY = YES_AGGRESSIVE;
				CLANG_WARN_UNREACHABLE_CODE = YES;
				CLANG_WARN__DUPLICATE_METHOD_MATCH = YES;
				CODE_SIGN_IDENTITY = "iPhone Developer";
				COPY_PHASE_STRIP = NO;
				DEBUG_INFORMATION_FORMAT = "dwarf-with-dsym";
				ENABLE_NS_ASSERTIONS = NO;
				ENABLE_STRICT_OBJC_MSGSEND = YES;
				GCC_C_LANGUAGE_STANDARD = gnu11;
				GCC_NO_COMMON_BLOCKS = YES;
				GCC_WARN_64_TO_32_BIT_CONVERSION = YES;
				GCC_WARN_ABOUT_RETURN_TYPE = YES_ERROR;
				GCC_WARN_UNDECLARED_SELECTOR = YES;
				GCC_WARN_UNINITIALIZED_AUTOS = YES_AGGRESSIVE;
				GCC_WARN_UNUSED_FUNCTION = YES;
				GCC_WARN_UNUSED_VARIABLE = YES;
				IPHONEOS_DEPLOYMENT_TARGET = 11.0;
				MTL_ENABLE_DEBUG_INFO = NO;
				SDKROOT = iphoneos;
				SWIFT_OPTIMIZATION_LEVEL = "-Owholemodule";
				VALIDATE_PRODUCT = YES;
			};
			name = Release;
		};
		3980EB651F87052E000ACA0A /* Debug */ = {
			isa = XCBuildConfiguration;
			buildSettings = {
				ASSETCATALOG_COMPILER_APPICON_NAME = AppIcon;
				CODE_SIGN_STYLE = Automatic;
				DEVELOPMENT_TEAM = NK8YFG2CSL;
				FRAMEWORK_SEARCH_PATHS = (
					"$(inherited)",
					"$(PROJECT_DIR)/Carthage/Build/iOS",
				);
				INFOPLIST_FILE = YoutubeClient/Info.plist;
				LD_RUNPATH_SEARCH_PATHS = "$(inherited) @executable_path/Frameworks";
				PRODUCT_BUNDLE_IDENTIFIER = monopocket.net.YoutubeClient;
				PRODUCT_NAME = "$(TARGET_NAME)";
				SWIFT_VERSION = 4.0;
				TARGETED_DEVICE_FAMILY = "1,2";
			};
			name = Debug;
		};
		3980EB661F87052E000ACA0A /* Release */ = {
			isa = XCBuildConfiguration;
			buildSettings = {
				ASSETCATALOG_COMPILER_APPICON_NAME = AppIcon;
				CODE_SIGN_STYLE = Automatic;
				DEVELOPMENT_TEAM = NK8YFG2CSL;
				FRAMEWORK_SEARCH_PATHS = (
					"$(inherited)",
					"$(PROJECT_DIR)/Carthage/Build/iOS",
				);
				INFOPLIST_FILE = YoutubeClient/Info.plist;
				LD_RUNPATH_SEARCH_PATHS = "$(inherited) @executable_path/Frameworks";
				PRODUCT_BUNDLE_IDENTIFIER = monopocket.net.YoutubeClient;
				PRODUCT_NAME = "$(TARGET_NAME)";
				SWIFT_VERSION = 4.0;
				TARGETED_DEVICE_FAMILY = "1,2";
			};
			name = Release;
		};
/* End XCBuildConfiguration section */

/* Begin XCConfigurationList section */
		3980EB4D1F87052E000ACA0A /* Build configuration list for PBXProject "YoutubeClient" */ = {
			isa = XCConfigurationList;
			buildConfigurations = (
				3980EB621F87052E000ACA0A /* Debug */,
				3980EB631F87052E000ACA0A /* Release */,
			);
			defaultConfigurationIsVisible = 0;
			defaultConfigurationName = Release;
		};
		3980EB641F87052E000ACA0A /* Build configuration list for PBXNativeTarget "YoutubeClient" */ = {
			isa = XCConfigurationList;
			buildConfigurations = (
				3980EB651F87052E000ACA0A /* Debug */,
				3980EB661F87052E000ACA0A /* Release */,
			);
			defaultConfigurationIsVisible = 0;
			defaultConfigurationName = Release;
		};
/* End XCConfigurationList section */
	};
	rootObject = 3980EB4A1F87052E000ACA0A /* Project object */;
}
